
Microsoft Visual Studio Solution File, Format Version 12.00
# Visual Studio 15
VisualStudioVersion = 15.0.28307.136
MinimumVisualStudioVersion = 10.0.40219.1
Project("{FAE04EC0-301F-11D3-BF4B-00C04F79EFBC}") = "ConsoleApp3", "ConsoleApp3\ConsoleApp3.csproj", "{6E93F04E-F437-4691-9A91-B648D865537F}"
EndProject
Global
	GlobalSection(SolutionConfigurationPlatforms) = preSolution
		Debug|Any CPU = Debug|Any CPU
		Release|Any CPU = Release|Any CPU
	EndGlobalSection
	GlobalSection(ProjectConfigurationPlatforms) = postSolution
		{6E93F04E-F437-4691-9A91-B648D865537F}.Debug|Any CPU.ActiveCfg = Debug|Any CPU
		{6E93F04E-F437-4691-9A91-B648D865537F}.Debug|Any CPU.Build.0 = Debug|Any CPU
		{6E93F04E-F437-4691-9A91-B648D865537F}.Release|Any CPU.ActiveCfg = Release|Any CPU
		{6E93F04E-F437-4691-9A91-B648D865537F}.Release|Any CPU.Build.0 = Release|Any CPU
	EndGlobalSection
	GlobalSection(SolutionProperties) = preSolution
		HideSolutionNode = FALSE
	EndGlobalSection
	GlobalSection(ExtensibilityGlobals) = postSolution
		SolutionGuid = {175120B7-3ABE-49EE-8E32-74A5F3565882}
	EndGlobalSection
EndGlobal
