
Microsoft Visual Studio Solution File, Format Version 12.00
# Visual Studio 15
VisualStudioVersion = 15.0.28010.2036
MinimumVisualStudioVersion = 10.0.40219.1
Project("{FAE04EC0-301F-11D3-BF4B-00C04F79EFBC}") = "WordsToNumbers", "WordsToNumbers\WordsToNumbers.csproj", "{0E6634EE-3368-451D-B3E1-BA3B8EC5BF7E}"
EndProject
Global
	GlobalSection(SolutionConfigurationPlatforms) = preSolution
		Debug|Any CPU = Debug|Any CPU
		Release|Any CPU = Release|Any CPU
	EndGlobalSection
	GlobalSection(ProjectConfigurationPlatforms) = postSolution
		{0E6634EE-3368-451D-B3E1-BA3B8EC5BF7E}.Debug|Any CPU.ActiveCfg = Debug|Any CPU
		{0E6634EE-3368-451D-B3E1-BA3B8EC5BF7E}.Debug|Any CPU.Build.0 = Debug|Any CPU
		{0E6634EE-3368-451D-B3E1-BA3B8EC5BF7E}.Release|Any CPU.ActiveCfg = Release|Any CPU
		{0E6634EE-3368-451D-B3E1-BA3B8EC5BF7E}.Release|Any CPU.Build.0 = Release|Any CPU
	EndGlobalSection
	GlobalSection(SolutionProperties) = preSolution
		HideSolutionNode = FALSE
	EndGlobalSection
	GlobalSection(ExtensibilityGlobals) = postSolution
		SolutionGuid = {E52C52C2-333C-41A5-8AC0-94CFFDE6A5D4}
	EndGlobalSection
EndGlobal
