
Microsoft Visual Studio Solution File, Format Version 12.00
# Visual Studio 15
VisualStudioVersion = 15.0.28010.2036
MinimumVisualStudioVersion = 10.0.40219.1
Project("{FAE04EC0-301F-11D3-BF4B-00C04F79EFBC}") = "ShipClass", "ShipClass\ShipClass.csproj", "{4E1609C8-0001-4AF3-AE40-D20BA1A7BB64}"
EndProject
Global
	GlobalSection(SolutionConfigurationPlatforms) = preSolution
		Debug|Any CPU = Debug|Any CPU
		Release|Any CPU = Release|Any CPU
	EndGlobalSection
	GlobalSection(ProjectConfigurationPlatforms) = postSolution
		{4E1609C8-0001-4AF3-AE40-D20BA1A7BB64}.Debug|Any CPU.ActiveCfg = Debug|Any CPU
		{4E1609C8-0001-4AF3-AE40-D20BA1A7BB64}.Debug|Any CPU.Build.0 = Debug|Any CPU
		{4E1609C8-0001-4AF3-AE40-D20BA1A7BB64}.Release|Any CPU.ActiveCfg = Release|Any CPU
		{4E1609C8-0001-4AF3-AE40-D20BA1A7BB64}.Release|Any CPU.Build.0 = Release|Any CPU
	EndGlobalSection
	GlobalSection(SolutionProperties) = preSolution
		HideSolutionNode = FALSE
	EndGlobalSection
	GlobalSection(ExtensibilityGlobals) = postSolution
		SolutionGuid = {FA0C494B-D125-439D-8ECD-2BA68743B5C1}
	EndGlobalSection
EndGlobal
