
Microsoft Visual Studio Solution File, Format Version 12.00
# Visual Studio 15
VisualStudioVersion = 15.0.28010.2036
MinimumVisualStudioVersion = 10.0.40219.1
Project("{FAE04EC0-301F-11D3-BF4B-00C04F79EFBC}") = "Reflection", "Reflection\Reflection.csproj", "{57069A9C-2A4F-4EB8-BC2B-6A72341F063A}"
EndProject
Global
	GlobalSection(SolutionConfigurationPlatforms) = preSolution
		Debug|Any CPU = Debug|Any CPU
		Release|Any CPU = Release|Any CPU
	EndGlobalSection
	GlobalSection(ProjectConfigurationPlatforms) = postSolution
		{57069A9C-2A4F-4EB8-BC2B-6A72341F063A}.Debug|Any CPU.ActiveCfg = Debug|Any CPU
		{57069A9C-2A4F-4EB8-BC2B-6A72341F063A}.Debug|Any CPU.Build.0 = Debug|Any CPU
		{57069A9C-2A4F-4EB8-BC2B-6A72341F063A}.Release|Any CPU.ActiveCfg = Release|Any CPU
		{57069A9C-2A4F-4EB8-BC2B-6A72341F063A}.Release|Any CPU.Build.0 = Release|Any CPU
	EndGlobalSection
	GlobalSection(SolutionProperties) = preSolution
		HideSolutionNode = FALSE
	EndGlobalSection
	GlobalSection(ExtensibilityGlobals) = postSolution
		SolutionGuid = {634F32F0-4584-4D9A-A047-730EBA7D12A8}
	EndGlobalSection
EndGlobal
