
Microsoft Visual Studio Solution File, Format Version 12.00
# Visual Studio 15
VisualStudioVersion = 15.0.28010.2036
MinimumVisualStudioVersion = 10.0.40219.1
Project("{FAE04EC0-301F-11D3-BF4B-00C04F79EFBC}") = "Houses", "Houses\Houses.csproj", "{561EA946-3339-42FB-8F50-6717A4D878DE}"
EndProject
Global
	GlobalSection(SolutionConfigurationPlatforms) = preSolution
		Debug|Any CPU = Debug|Any CPU
		Release|Any CPU = Release|Any CPU
	EndGlobalSection
	GlobalSection(ProjectConfigurationPlatforms) = postSolution
		{561EA946-3339-42FB-8F50-6717A4D878DE}.Debug|Any CPU.ActiveCfg = Debug|Any CPU
		{561EA946-3339-42FB-8F50-6717A4D878DE}.Debug|Any CPU.Build.0 = Debug|Any CPU
		{561EA946-3339-42FB-8F50-6717A4D878DE}.Release|Any CPU.ActiveCfg = Release|Any CPU
		{561EA946-3339-42FB-8F50-6717A4D878DE}.Release|Any CPU.Build.0 = Release|Any CPU
	EndGlobalSection
	GlobalSection(SolutionProperties) = preSolution
		HideSolutionNode = FALSE
	EndGlobalSection
	GlobalSection(ExtensibilityGlobals) = postSolution
		SolutionGuid = {7C8921D7-9199-42D4-B5AD-C0250D5F49BE}
	EndGlobalSection
EndGlobal
