
Microsoft Visual Studio Solution File, Format Version 12.00
# Visual Studio 15
VisualStudioVersion = 15.0.28307.136
MinimumVisualStudioVersion = 10.0.40219.1
Project("{FAE04EC0-301F-11D3-BF4B-00C04F79EFBC}") = "Payroll", "Payroll\Payroll.csproj", "{6FC178DA-6E39-4E1E-9704-F4F1A8F43666}"
EndProject
Global
	GlobalSection(SolutionConfigurationPlatforms) = preSolution
		Debug|Any CPU = Debug|Any CPU
		Release|Any CPU = Release|Any CPU
	EndGlobalSection
	GlobalSection(ProjectConfigurationPlatforms) = postSolution
		{6FC178DA-6E39-4E1E-9704-F4F1A8F43666}.Debug|Any CPU.ActiveCfg = Debug|Any CPU
		{6FC178DA-6E39-4E1E-9704-F4F1A8F43666}.Debug|Any CPU.Build.0 = Debug|Any CPU
		{6FC178DA-6E39-4E1E-9704-F4F1A8F43666}.Release|Any CPU.ActiveCfg = Release|Any CPU
		{6FC178DA-6E39-4E1E-9704-F4F1A8F43666}.Release|Any CPU.Build.0 = Release|Any CPU
	EndGlobalSection
	GlobalSection(SolutionProperties) = preSolution
		HideSolutionNode = FALSE
	EndGlobalSection
	GlobalSection(ExtensibilityGlobals) = postSolution
		SolutionGuid = {C01FC256-5F36-4E1D-A786-468DAD8CB315}
	EndGlobalSection
EndGlobal
