
Microsoft Visual Studio Solution File, Format Version 12.00
# Visual Studio 15
VisualStudioVersion = 15.0.28307.136
MinimumVisualStudioVersion = 10.0.40219.1
Project("{FAE04EC0-301F-11D3-BF4B-00C04F79EFBC}") = "Interfaces1", "Interfaces1\Interfaces1.csproj", "{92B27491-5B61-46CE-B83A-A6B1A9A54DD2}"
EndProject
Global
	GlobalSection(SolutionConfigurationPlatforms) = preSolution
		Debug|Any CPU = Debug|Any CPU
		Release|Any CPU = Release|Any CPU
	EndGlobalSection
	GlobalSection(ProjectConfigurationPlatforms) = postSolution
		{92B27491-5B61-46CE-B83A-A6B1A9A54DD2}.Debug|Any CPU.ActiveCfg = Debug|Any CPU
		{92B27491-5B61-46CE-B83A-A6B1A9A54DD2}.Debug|Any CPU.Build.0 = Debug|Any CPU
		{92B27491-5B61-46CE-B83A-A6B1A9A54DD2}.Release|Any CPU.ActiveCfg = Release|Any CPU
		{92B27491-5B61-46CE-B83A-A6B1A9A54DD2}.Release|Any CPU.Build.0 = Release|Any CPU
	EndGlobalSection
	GlobalSection(SolutionProperties) = preSolution
		HideSolutionNode = FALSE
	EndGlobalSection
	GlobalSection(ExtensibilityGlobals) = postSolution
		SolutionGuid = {EA6EFD30-AFDA-4CBA-9ECF-8452D73B66DE}
	EndGlobalSection
EndGlobal
